<?xml version="1.0" encoding="utf-8"?>
<Project ToolsVersion="4.0" xmlns="http://schemas.microsoft.com/developer/msbuild/2003">
  <ItemGroup>
    <Filter Include="リソース ファイル">
      <UniqueIdentifier>{67DA6AB6-F800-4c08-8B7A-83BB121AAD01}</UniqueIdentifier>
      <Extensions>rc;ico;cur;bmp;dlg;rc2;rct;bin;rgs;gif;jpg;jpeg;jpe;resx;tiff;tif;png;wav;mfcribbon-ms</Extensions>
    </Filter>
  </ItemGroup>
  <ItemGroup>
    <ClCompile Include="billboard.cpp" />
    <ClCompile Include="block.cpp" />
    <ClCompile Include="bullet.cpp" />
    <ClCompile Include="camera.cpp" />
    <ClCompile Include="car.cpp" />
    <ClCompile Include="car_manager.cpp" />
    <ClCompile Include="character.cpp" />
    <ClCompile Include="debugproc.cpp" />
    <ClCompile Include="editor.cpp" />
    <ClCompile Include="effect.cpp" />
    <ClCompile Include="enemy.cpp" />
    <ClCompile Include="enemy_manager.cpp" />
    <ClCompile Include="enemy_route.cpp" />
    <ClCompile Include="explosion.cpp" />
    <ClCompile Include="fade.cpp" />
    <ClCompile Include="fileload.cpp" />
    <ClCompile Include="filter.cpp" />
    <ClCompile Include="game.cpp" />
    <ClCompile Include="input.cpp" />
    <ClCompile Include="item.cpp" />
    <ClCompile Include="light.cpp" />
    <ClCompile Include="lockon.cpp" />
    <ClCompile Include="main.cpp" />
    <ClCompile Include="manager.cpp" />
    <ClCompile Include="mesh.cpp" />
    <ClCompile Include="meshballoon.cpp" />
    <ClCompile Include="meshcylinder.cpp" />
    <ClCompile Include="meshdome.cpp" />
    <ClCompile Include="meshfield.cpp" />
    <ClCompile Include="meshorbit.cpp" />
    <ClCompile Include="meshwall.cpp" />
    <ClCompile Include="message.cpp" />
    <ClCompile Include="model.cpp" />
    <ClCompile Include="motion.cpp" />
    <ClCompile Include="multibg.cpp" />
    <ClCompile Include="number.cpp" />
    <ClCompile Include="object.cpp" />
    <ClCompile Include="object2D.cpp" />
    <ClCompile Include="object3D.cpp" />
    <ClCompile Include="objectX.cpp" />
    <ClCompile Include="particle.cpp" />
    <ClCompile Include="pause.cpp" />
    <ClCompile Include="player.cpp" />
    <ClCompile Include="precompile.cpp" />
    <ClCompile Include="ranking.cpp" />
    <ClCompile Include="renderer.cpp" />
    <ClCompile Include="result.cpp" />
    <ClCompile Include="score.cpp" />
    <ClCompile Include="shadow.cpp" />
    <ClCompile Include="slow.cpp" />
    <ClCompile Include="sound.cpp" />
    <ClCompile Include="target.cpp" />
    <ClCompile Include="texture.cpp" />
    <ClCompile Include="thermo.cpp" />
    <ClCompile Include="time.cpp" />
    <ClCompile Include="title.cpp" />
    <ClCompile Include="tutorial.cpp" />
    <ClCompile Include="waist.cpp" />
    <ClCompile Include="wet.cpp" />
    <ClCompile Include="Xfile.cpp" />
  </ItemGroup>
  <ItemGroup>
    <ClInclude Include="billboard.h" />
    <ClInclude Include="block.h" />
    <ClInclude Include="bullet.h" />
    <ClInclude Include="camera.h" />
    <ClInclude Include="car.h" />
    <ClInclude Include="car_manager.h" />
    <ClInclude Include="character.h" />
    <ClInclude Include="debugproc.h" />
    <ClInclude Include="editor.h" />
    <ClInclude Include="effect.h" />
    <ClInclude Include="enemy.h" />
    <ClInclude Include="enemy_manager.h" />
    <ClInclude Include="enemy_route.h" />
    <ClInclude Include="explosion.h" />
    <ClInclude Include="fade.h" />
    <ClInclude Include="fileload.h" />
    <ClInclude Include="filter.h" />
    <ClInclude Include="game.h" />
    <ClInclude Include="input.h" />
    <ClInclude Include="item.h" />
    <ClInclude Include="light.h" />
    <ClInclude Include="lockon.h" />
    <ClInclude Include="main.h" />
    <ClInclude Include="manager.h" />
    <ClInclude Include="mesh.h" />
    <ClInclude Include="meshballoon.h" />
    <ClInclude Include="meshcylinder.h" />
    <ClInclude Include="meshdome.h" />
    <ClInclude Include="meshfield.h" />
    <ClInclude Include="meshorbit.h" />
    <ClInclude Include="meshwall.h" />
    <ClInclude Include="message.h" />
    <ClInclude Include="model.h" />
    <ClInclude Include="motion.h" />
    <ClInclude Include="multibg.h" />
    <ClInclude Include="number.h" />
    <ClInclude Include="object.h" />
    <ClInclude Include="object2D.h" />
    <ClInclude Include="object3D.h" />
    <ClInclude Include="objectX.h" />
    <ClInclude Include="particle.h" />
    <ClInclude Include="pause.h" />
    <ClInclude Include="player.h" />
    <ClInclude Include="precompile.h" />
    <ClInclude Include="ranking.h" />
    <ClInclude Include="renderer.h" />
    <ClInclude Include="result.h" />
    <ClInclude Include="score.h" />
    <ClInclude Include="shadow.h" />
    <ClInclude Include="slow.h" />
    <ClInclude Include="sound.h" />
    <ClInclude Include="target.h" />
    <ClInclude Include="texture.h" />
    <ClInclude Include="thermo.h" />
    <ClInclude Include="time.h" />
    <ClInclude Include="title.h" />
    <ClInclude Include="tutorial.h" />
    <ClInclude Include="waist.h" />
    <ClInclude Include="wet.h" />
    <ClInclude Include="Xfile.h" />
  </ItemGroup>
</Project>